# This file is generated by running "yarn install" inside your project.
# Manual changes might be lost - proceed with caution!

__metadata:
  version: 10
  cacheKey: 10c0

"@babel/generator@npm:^7.28.5":
  version: 7.29.8
  resolution: "@babel/generator@npm:7.29.8"
  dependencies:
    "@babel/parser": "npm:^7.29.8"
    "@babel/types": "npm:^7.29.8"
    "@jridgewell/gen-mapping": "npm:^0.3.12"
    "@jridgewell/trace-mapping": "npm:^0.3.28"
    jsesc: "npm:^3.0.2"
  checksum: 10c0/7b896696314a659652393b76d78276e236acd0f7fae40a9a1af7f01c76aeafc630dd0966aad6f9386d35d7c674a8e6e2d8e217c44d25fb11460e68afa9ba8441
  languageName: node
  linkType: hard

"@babel/helper-string-parser@npm:^7.29.7":
  version: 7.29.7
  resolution: "@babel/helper-string-parser@npm:7.29.7"
  checksum: 10c0/194bc0f1716e396d5ffde56ad6119745fb9557662c98611590e5e454906783a4ccb21ce93056b8eb69a4909044834e45d96e50ac695bbe9e3221648fe033c06c
  languageName: node
  linkType: hard

"@babel/helper-validator-identifier@npm:^7.29.7":
  version: 7.29.7
  resolution: "@babel/helper-validator-identifier@npm:7.29.7"
  checksum: 10c0/4795354e7ae0dcafa72de1cd04ec51252dc1498517170beaf019e03effc5b7bf13c6b21a3949a77e07b8125be7f106ed1131350d8ebd4566ae874094a726d62b
  languageName: node
  linkType: hard

"@babel/parser@npm:^7.28.5, @babel/parser@npm:^7.29.8":
  version: 7.29.8
  resolution: "@babel/parser@npm:7.29.8"
  dependencies:
    "@babel/types": "npm:^7.29.8"
  bin:
    parser: ./bin/babel-parser.js
  checksum: 10c0/acc890c5e6a6dd40863a47b50bac111d7185ee6fbbe163ebe11d5214854ca2adb901462ad4d718a65090ef84bd2230e9e8ab45a2e0caccc685f1f57ab0bb1e28
  languageName: node
  linkType: hard

"@babel/types@npm:^7.28.5, @babel/types@npm:^7.29.8":
  version: 7.29.8
  resolution: "@babel/types@npm:7.29.8"
  dependencies:
    "@babel/helper-string-parser": "npm:^7.29.7"
    "@babel/helper-validator-identifier": "npm:^7.29.7"
  checksum: 10c0/be7c279f0abf2a086c633e21b49c7ca80275d05283cc5a268b67a708c9914bd0c944f1422b3eb3cb37682a2af5d560abf520ccf9b01b53ecbfe6b71fbc3fdde6
  languageName: node
  linkType: hard

"@deepseek-ai/cordis@npm:^4.0.1":
  version: 4.0.1
  resolution: "@deepseek-ai/cordis@npm:4.0.1"
  dependencies:
    "@deepseek-ai/cosmokit": "npm:^1.8.2"
    "@standard-schema/spec": "npm:^1.1.0"
  peerDependencies:
    "@deepseek-ai/cordis-plugin-include": ^1.0.6
    "@deepseek-ai/cordis-plugin-loader": ^1.0.2
  peerDependenciesMeta:
    "@deepseek-ai/cordis-plugin-include":
      optional: true
    "@deepseek-ai/cordis-plugin-loader":
      optional: true
  bin:
    cordis: bin.js
  checksum: 10c0/8939af6c352c63fccea2fe146998557ccdeb72fb06841e80e2e4e304e8a93a58ad63e3e8fc5eddbdf019150426e8cae5d4c35f3d87d6d5d7f17cf06bdf9fe5da
  languageName: node
  linkType: hard

"@deepseek-ai/cosmokit@npm:^1.8.2":
  version: 1.8.2
  resolution: "@deepseek-ai/cosmokit@npm:1.8.2"
  checksum: 10c0/2e15902445b984f2d245687f6c3590cc0251eaeec5fd5173138fc61f791a0af0c77e56b27f060ee6868213996578afd36efd52ef18d115aa0ca57fca89c6a2cb
  languageName: node
  linkType: hard

"@deepseek-ai/dsh-credentials@npm:^0.1.0-rc.6":
  version: 0.1.0-rc.6
  resolution: "@deepseek-ai/dsh-credentials@npm:0.1.0-rc.6"
  peerDependencies:
    "@deepseek-ai/cordis": ^4.0.1
    "@deepseek-ai/dsh-brand": ^0.1.0-rc.6
    "@deepseek-ai/dsh-invariants": ^0.1.0-rc.6
  checksum: 10c0/312335d40cf5601bb9a092408ab08f1c384985a9f558f93104e8706a30fa8895cf63e969d74fa03438aab25118c629668231b9a5a3ccc1b151ae5d0a8be77b1a
  languageName: node
  linkType: hard

"@deepseek-ai/dsh-settings@npm:^0.1.0-rc.6":
  version: 0.1.0-rc.6
  resolution: "@deepseek-ai/dsh-settings@npm:0.1.0-rc.6"
  peerDependencies:
    "@deepseek-ai/cordis": ^4.0.1
    "@deepseek-ai/dsh-brand": ^0.1.0-rc.6
    "@deepseek-ai/dsh-invariants": ^0.1.0-rc.6
    "@deepseek-ai/schemastery": ^3.18.1
  checksum: 10c0/83ecc5c944c685a2661008e086f55d7e097aa1427a3bafca86b8a6534b1bb5d40dfdd91da769c7e0ed8cfe6fdbab1d12d9b3a6b9f3431c78ab827826864ceb80
  languageName: node
  linkType: hard

"@deepseek-ai/dsh-tools@npm:^0.1.0-rc.6":
  version: 0.1.0-rc.6
  resolution: "@deepseek-ai/dsh-tools@npm:0.1.0-rc.6"
  dependencies:
    "@deepseek-ai/schemastery": "npm:^3.18.1"
  peerDependencies:
    "@deepseek-ai/cordis": ^4.0.1
    "@deepseek-ai/dsh-agent": ^0.1.0-rc.6
    "@deepseek-ai/dsh-code-runtime": ^0.1.0-rc.6
    "@deepseek-ai/dsh-invariants": ^0.1.0-rc.6
    "@deepseek-ai/dsh-llm": ^0.1.0-rc.6
    "@deepseek-ai/dsh-scope": ^0.1.0-rc.6
    "@deepseek-ai/dsh-session": ^0.1.0-rc.6
    "@deepseek-ai/dsh-system-prompt": ^0.1.0-rc.6
    "@deepseek-ai/dsh-user-approval": ^0.1.0-rc.6
  checksum: 10c0/e4c0fbcbd48c1c31cc1f7144992ef56b6265ce5570d1b4e7f394d65223aaece3d9f0d2004feb2992184defcb9a099835433a66a8dd2446f7d6323519250d41ab
  languageName: node
  linkType: hard

"@deepseek-ai/dsh-typert-protocol@npm:^0.1.0-rc.6":
  version: 0.1.0-rc.6
  resolution: "@deepseek-ai/dsh-typert-protocol@npm:0.1.0-rc.6"
  peerDependencies:
    "@deepseek-ai/cordis": ^4.0.1
    "@deepseek-ai/dsh-invariants": ^0.1.0-rc.6
  checksum: 10c0/b2dd55023a08b772e8ba7173e7f9d138944854073d37c68af8af26babc6f06a1c60a27a53e7eaa05bd3e47f0d582c95b92dc2b15b690bdab2bcb23567d91c888
  languageName: node
  linkType: hard

"@deepseek-ai/schemastery@npm:^3.18.1":
  version: 3.18.1
  resolution: "@deepseek-ai/schemastery@npm:3.18.1"
  dependencies:
    "@deepseek-ai/cosmokit": "npm:^1.8.2"
    "@standard-schema/spec": "npm:^1.1.0"
  checksum: 10c0/3219b8012fb22fcf97bb530150d4492f1ec5b3bc80bb221c4edc6f4793e733ab726824aa7b58622e0108c46172059119685225e3cb0981acd405cfe9955d50de
  languageName: node
  linkType: hard

"@jridgewell/gen-mapping@npm:^0.3.12":
  version: 0.3.13
  resolution: "@jridgewell/gen-mapping@npm:0.3.13"
  dependencies:
    "@jridgewell/sourcemap-codec": "npm:^1.5.0"
    "@jridgewell/trace-mapping": "npm:^0.3.24"
  checksum: 10c0/9a7d65fb13bd9aec1fbab74cda08496839b7e2ceb31f5ab922b323e94d7c481ce0fc4fd7e12e2610915ed8af51178bdc61e168e92a8c8b8303b030b03489b13b
  languageName: node
  linkType: hard

"@jridgewell/resolve-uri@npm:^3.1.0":
  version: 3.1.2
  resolution: "@jridgewell/resolve-uri@npm:3.1.2"
  checksum: 10c0/d502e6fb516b35032331406d4e962c21fe77cdf1cbdb49c6142bcbd9e30507094b18972778a6e27cbad756209cfe34b1a27729e6fa08a2eb92b33943f680cf1e
  languageName: node
  linkType: hard

"@jridgewell/sourcemap-codec@npm:^1.4.14, @jridgewell/sourcemap-codec@npm:^1.5.0, @jridgewell/sourcemap-codec@npm:^1.5.5":
  version: 1.5.5
  resolution: "@jridgewell/sourcemap-codec@npm:1.5.5"
  checksum: 10c0/f9e538f302b63c0ebc06eecb1dd9918dd4289ed36147a0ddce35d6ea4d7ebbda243cda7b2213b6a5e1d8087a298d5cf630fb2bd39329cdecb82017023f6081a0
  languageName: node
  linkType: hard

"@jridgewell/trace-mapping@npm:^0.3.24, @jridgewell/trace-mapping@npm:^0.3.28":
  version: 0.3.31
  resolution: "@jridgewell/trace-mapping@npm:0.3.31"
  dependencies:
    "@jridgewell/resolve-uri": "npm:^3.1.0"
    "@jridgewell/sourcemap-codec": "npm:^1.4.14"
  checksum: 10c0/4b30ec8cd56c5fd9a661f088230af01e0c1a3888d11ffb6b47639700f71225be21d1f7e168048d6d4f9449207b978a235c07c8f15c07705685d16dc06280e9d9
  languageName: node
  linkType: hard

"@napi-rs/wasm-runtime@npm:^1.1.0":
  version: 1.2.3
  resolution: "@napi-rs/wasm-runtime@npm:1.2.3"
  dependencies:
    "@tybys/wasm-util": "npm:^0.10.3"
  peerDependencies:
    "@emnapi/core": ^1.7.1 || ^2.0.0-alpha.4
    "@emnapi/runtime": ^1.7.1 || ^2.0.0-alpha.4
  checksum: 10c0/6da0a4bf9df79e9abfb3e3d462f6a5d42889be39426040038c9dd5925865585d7dbd06dd439c2ffc20f49ef2751412da5bd748cfb3c5b049142d72c0550f6f79
  languageName: node
  linkType: hard

"@oxc-project/types@npm:=0.102.0":
  version: 0.102.0
  resolution: "@oxc-project/types@npm:0.102.0"
  checksum: 10c0/ecb282b93d32f071aaaf2c5245c419fc0f65f4bf96a503573eda99ac6bdeb934e1f54f7b285659e23c79261858aad0506c6c928f1cbe52dfc378531a00e0516e
  languageName: node
  linkType: hard

"@oxfmt/binding-android-arm-eabi@npm:0.62.0":
  version: 0.62.0
  resolution: "@oxfmt/binding-android-arm-eabi@npm:0.62.0"
  conditions: os=android & cpu=arm
  languageName: node
  linkType: hard

"@oxfmt/binding-android-arm64@npm:0.62.0":
  version: 0.62.0
  resolution: "@oxfmt/binding-android-arm64@npm:0.62.0"
  conditions: os=android & cpu=arm64
  languageName: node
  linkType: hard

"@oxfmt/binding-darwin-arm64@npm:0.62.0":
  version: 0.62.0
  resolution: "@oxfmt/binding-darwin-arm64@npm:0.62.0"
  conditions: os=darwin & cpu=arm64
  languageName: node
  linkType: hard

"@oxfmt/binding-darwin-x64@npm:0.62.0":
  version: 0.62.0
  resolution: "@oxfmt/binding-darwin-x64@npm:0.62.0"
  conditions: os=darwin & cpu=x64
  languageName: node
  linkType: hard

"@oxfmt/binding-freebsd-x64@npm:0.62.0":
  version: 0.62.0
  resolution: "@oxfmt/binding-freebsd-x64@npm:0.62.0"
  conditions: os=freebsd & cpu=x64
  languageName: node
  linkType: hard

"@oxfmt/binding-linux-arm-gnueabihf@npm:0.62.0":
  version: 0.62.0
  resolution: "@oxfmt/binding-linux-arm-gnueabihf@npm:0.62.0"
  conditions: os=linux & cpu=arm
  languageName: node
  linkType: hard

"@oxfmt/binding-linux-arm-musleabihf@npm:0.62.0":
  version: 0.62.0
  resolution: "@oxfmt/binding-linux-arm-musleabihf@npm:0.62.0"
  conditions: os=linux & cpu=arm
  languageName: node
  linkType: hard

"@oxfmt/binding-linux-arm64-gnu@npm:0.62.0":
  version: 0.62.0
  resolution: "@oxfmt/binding-linux-arm64-gnu@npm:0.62.0"
  conditions: os=linux & cpu=arm64 & libc=glibc
  languageName: node
  linkType: hard

"@oxfmt/binding-linux-arm64-musl@npm:0.62.0":
  version: 0.62.0
  resolution: "@oxfmt/binding-linux-arm64-musl@npm:0.62.0"
  conditions: os=linux & cpu=arm64 & libc=musl
  languageName: node
  linkType: hard

"@oxfmt/binding-linux-ppc64-gnu@npm:0.62.0":
  version: 0.62.0
  resolution: "@oxfmt/binding-linux-ppc64-gnu@npm:0.62.0"
  conditions: os=linux & cpu=ppc64 & libc=glibc
  languageName: node
  linkType: hard

"@oxfmt/binding-linux-riscv64-gnu@npm:0.62.0":
  version: 0.62.0
  resolution: "@oxfmt/binding-linux-riscv64-gnu@npm:0.62.0"
  conditions: os=linux & cpu=riscv64 & libc=glibc
  languageName: node
  linkType: hard

"@oxfmt/binding-linux-riscv64-musl@npm:0.62.0":
  version: 0.62.0
  resolution: "@oxfmt/binding-linux-riscv64-musl@npm:0.62.0"
  conditions: os=linux & cpu=riscv64 & libc=musl
  languageName: node
  linkType: hard

"@oxfmt/binding-linux-s390x-gnu@npm:0.62.0":
  version: 0.62.0
  resolution: "@oxfmt/binding-linux-s390x-gnu@npm:0.62.0"
  conditions: os=linux & cpu=s390x & libc=glibc
  languageName: node
  linkType: hard

"@oxfmt/binding-linux-x64-gnu@npm:0.62.0":
  version: 0.62.0
  resolution: "@oxfmt/binding-linux-x64-gnu@npm:0.62.0"
  conditions: os=linux & cpu=x64 & libc=glibc
  languageName: node
  linkType: hard

"@oxfmt/binding-linux-x64-musl@npm:0.62.0":
  version: 0.62.0
  resolution: "@oxfmt/binding-linux-x64-musl@npm:0.62.0"
  conditions: os=linux & cpu=x64 & libc=musl
  languageName: node
  linkType: hard

"@oxfmt/binding-openharmony-arm64@npm:0.62.0":
  version: 0.62.0
  resolution: "@oxfmt/binding-openharmony-arm64@npm:0.62.0"
  conditions: os=openharmony & cpu=arm64
  languageName: node
  linkType: hard

"@oxfmt/binding-win32-arm64-msvc@npm:0.62.0":
  version: 0.62.0
  resolution: "@oxfmt/binding-win32-arm64-msvc@npm:0.62.0"
  conditions: os=win32 & cpu=arm64
  languageName: node
  linkType: hard

"@oxfmt/binding-win32-ia32-msvc@npm:0.62.0":
  version: 0.62.0
  resolution: "@oxfmt/binding-win32-ia32-msvc@npm:0.62.0"
  conditions: os=win32 & cpu=ia32
  languageName: node
  linkType: hard

"@oxfmt/binding-win32-x64-msvc@npm:0.62.0":
  version: 0.62.0
  resolution: "@oxfmt/binding-win32-x64-msvc@npm:0.62.0"
  conditions: os=win32 & cpu=x64
  languageName: node
  linkType: hard

"@oxlint-tsgolint/darwin-arm64@npm:7.0.2001":
  version: 7.0.2001
  resolution: "@oxlint-tsgolint/darwin-arm64@npm:7.0.2001"
  conditions: os=darwin & cpu=arm64
  languageName: node
  linkType: hard

"@oxlint-tsgolint/darwin-x64@npm:7.0.2001":
  version: 7.0.2001
  resolution: "@oxlint-tsgolint/darwin-x64@npm:7.0.2001"
  conditions: os=darwin & cpu=x64
  languageName: node
  linkType: hard

"@oxlint-tsgolint/linux-arm64@npm:7.0.2001":
  version: 7.0.2001
  resolution: "@oxlint-tsgolint/linux-arm64@npm:7.0.2001"
  conditions: os=linux & cpu=arm64
  languageName: node
  linkType: hard

"@oxlint-tsgolint/linux-x64@npm:7.0.2001":
  version: 7.0.2001
  resolution: "@oxlint-tsgolint/linux-x64@npm:7.0.2001"
  conditions: os=linux & cpu=x64
  languageName: node
  linkType: hard

"@oxlint-tsgolint/win32-arm64@npm:7.0.2001":
  version: 7.0.2001
  resolution: "@oxlint-tsgolint/win32-arm64@npm:7.0.2001"
  conditions: os=win32 & cpu=arm64
  languageName: node
  linkType: hard

"@oxlint-tsgolint/win32-x64@npm:7.0.2001":
  version: 7.0.2001
  resolution: "@oxlint-tsgolint/win32-x64@npm:7.0.2001"
  conditions: os=win32 & cpu=x64
  languageName: node
  linkType: hard

"@oxlint/binding-android-arm-eabi@npm:1.78.0":
  version: 1.78.0
  resolution: "@oxlint/binding-android-arm-eabi@npm:1.78.0"
  conditions: os=android & cpu=arm
  languageName: node
  linkType: hard

"@oxlint/binding-android-arm64@npm:1.78.0":
  version: 1.78.0
  resolution: "@oxlint/binding-android-arm64@npm:1.78.0"
  conditions: os=android & cpu=arm64
  languageName: node
  linkType: hard

"@oxlint/binding-darwin-arm64@npm:1.78.0":
  version: 1.78.0
  resolution: "@oxlint/binding-darwin-arm64@npm:1.78.0"
  conditions: os=darwin & cpu=arm64
  languageName: node
  linkType: hard

"@oxlint/binding-darwin-x64@npm:1.78.0":
  version: 1.78.0
  resolution: "@oxlint/binding-darwin-x64@npm:1.78.0"
  conditions: os=darwin & cpu=x64
  languageName: node
  linkType: hard

"@oxlint/binding-freebsd-x64@npm:1.78.0":
  version: 1.78.0
  resolution: "@oxlint/binding-freebsd-x64@npm:1.78.0"
  conditions: os=freebsd & cpu=x64
  languageName: node
  linkType: hard

"@oxlint/binding-linux-arm-gnueabihf@npm:1.78.0":
  version: 1.78.0
  resolution: "@oxlint/binding-linux-arm-gnueabihf@npm:1.78.0"
  conditions: os=linux & cpu=arm
  languageName: node
  linkType: hard

"@oxlint/binding-linux-arm-musleabihf@npm:1.78.0":
  version: 1.78.0
  resolution: "@oxlint/binding-linux-arm-musleabihf@npm:1.78.0"
  conditions: os=linux & cpu=arm
  languageName: node
  linkType: hard

"@oxlint/binding-linux-arm64-gnu@npm:1.78.0":
  version: 1.78.0
  resolution: "@oxlint/binding-linux-arm64-gnu@npm:1.78.0"
  conditions: os=linux & cpu=arm64 & libc=glibc
  languageName: node
  linkType: hard

"@oxlint/binding-linux-arm64-musl@npm:1.78.0":
  version: 1.78.0
  resolution: "@oxlint/binding-linux-arm64-musl@npm:1.78.0"
  conditions: os=linux & cpu=arm64 & libc=musl
  languageName: node
  linkType: hard

"@oxlint/binding-linux-ppc64-gnu@npm:1.78.0":
  version: 1.78.0
  resolution: "@oxlint/binding-linux-ppc64-gnu@npm:1.78.0"
  conditions: os=linux & cpu=ppc64 & libc=glibc
  languageName: node
  linkType: hard

"@oxlint/binding-linux-riscv64-gnu@npm:1.78.0":
  version: 1.78.0
  resolution: "@oxlint/binding-linux-riscv64-gnu@npm:1.78.0"
  conditions: os=linux & cpu=riscv64 & libc=glibc
  languageName: node
  linkType: hard

"@oxlint/binding-linux-riscv64-musl@npm:1.78.0":
  version: 1.78.0
  resolution: "@oxlint/binding-linux-riscv64-musl@npm:1.78.0"
  conditions: os=linux & cpu=riscv64 & libc=musl
  languageName: node
  linkType: hard

"@oxlint/binding-linux-s390x-gnu@npm:1.78.0":
  version: 1.78.0
  resolution: "@oxlint/binding-linux-s390x-gnu@npm:1.78.0"
  conditions: os=linux & cpu=s390x & libc=glibc
  languageName: node
  linkType: hard

"@oxlint/binding-linux-x64-gnu@npm:1.78.0":
  version: 1.78.0
  resolution: "@oxlint/binding-linux-x64-gnu@npm:1.78.0"
  conditions: os=linux & cpu=x64 & libc=glibc
  languageName: node
  linkType: hard

"@oxlint/binding-linux-x64-musl@npm:1.78.0":
  version: 1.78.0
  resolution: "@oxlint/binding-linux-x64-musl@npm:1.78.0"
  conditions: os=linux & cpu=x64 & libc=musl
  languageName: node
  linkType: hard

"@oxlint/binding-openharmony-arm64@npm:1.78.0":
  version: 1.78.0
  resolution: "@oxlint/binding-openharmony-arm64@npm:1.78.0"
  conditions: os=openharmony & cpu=arm64
  languageName: node
  linkType: hard

"@oxlint/binding-win32-arm64-msvc@npm:1.78.0":
  version: 1.78.0
  resolution: "@oxlint/binding-win32-arm64-msvc@npm:1.78.0"
  conditions: os=win32 & cpu=arm64
  languageName: node
  linkType: hard

"@oxlint/binding-win32-ia32-msvc@npm:1.78.0":
  version: 1.78.0
  resolution: "@oxlint/binding-win32-ia32-msvc@npm:1.78.0"
  conditions: os=win32 & cpu=ia32
  languageName: node
  linkType: hard

"@oxlint/binding-win32-x64-msvc@npm:1.78.0":
  version: 1.78.0
  resolution: "@oxlint/binding-win32-x64-msvc@npm:1.78.0"
  conditions: os=win32 & cpu=x64
  languageName: node
  linkType: hard

"@rolldown/binding-android-arm64@npm:1.0.0-beta.54":
  version: 1.0.0-beta.54
  resolution: "@rolldown/binding-android-arm64@npm:1.0.0-beta.54"
  conditions: os=android & cpu=arm64
  languageName: node
  linkType: hard

"@rolldown/binding-darwin-arm64@npm:1.0.0-beta.54":
  version: 1.0.0-beta.54
  resolution: "@rolldown/binding-darwin-arm64@npm:1.0.0-beta.54"
  conditions: os=darwin & cpu=arm64
  languageName: node
  linkType: hard

"@rolldown/binding-darwin-x64@npm:1.0.0-beta.54":
  version: 1.0.0-beta.54
  resolution: "@rolldown/binding-darwin-x64@npm:1.0.0-beta.54"
  conditions: os=darwin & cpu=x64
  languageName: node
  linkType: hard

"@rolldown/binding-freebsd-x64@npm:1.0.0-beta.54":
  version: 1.0.0-beta.54
  resolution: "@rolldown/binding-freebsd-x64@npm:1.0.0-beta.54"
  conditions: os=freebsd & cpu=x64
  languageName: node
  linkType: hard

"@rolldown/binding-linux-arm-gnueabihf@npm:1.0.0-beta.54":
  version: 1.0.0-beta.54
  resolution: "@rolldown/binding-linux-arm-gnueabihf@npm:1.0.0-beta.54"
  conditions: os=linux & cpu=arm
  languageName: node
  linkType: hard

"@rolldown/binding-linux-arm64-gnu@npm:1.0.0-beta.54":
  version: 1.0.0-beta.54
  resolution: "@rolldown/binding-linux-arm64-gnu@npm:1.0.0-beta.54"
  conditions: os=linux & cpu=arm64 & libc=glibc
  languageName: node
  linkType: hard

"@rolldown/binding-linux-arm64-musl@npm:1.0.0-beta.54":
  version: 1.0.0-beta.54
  resolution: "@rolldown/binding-linux-arm64-musl@npm:1.0.0-beta.54"
  conditions: os=linux & cpu=arm64 & libc=musl
  languageName: node
  linkType: hard

"@rolldown/binding-linux-x64-gnu@npm:1.0.0-beta.54":
  version: 1.0.0-beta.54
  resolution: "@rolldown/binding-linux-x64-gnu@npm:1.0.0-beta.54"
  conditions: os=linux & cpu=x64 & libc=glibc
  languageName: node
  linkType: hard

"@rolldown/binding-linux-x64-musl@npm:1.0.0-beta.54":
  version: 1.0.0-beta.54
  resolution: "@rolldown/binding-linux-x64-musl@npm:1.0.0-beta.54"
  conditions: os=linux & cpu=x64 & libc=musl
  languageName: node
  linkType: hard

"@rolldown/binding-openharmony-arm64@npm:1.0.0-beta.54":
  version: 1.0.0-beta.54
  resolution: "@rolldown/binding-openharmony-arm64@npm:1.0.0-beta.54"
  conditions: os=openharmony & cpu=arm64
  languageName: node
  linkType: hard

"@rolldown/binding-wasm32-wasi@npm:1.0.0-beta.54":
  version: 1.0.0-beta.54
  resolution: "@rolldown/binding-wasm32-wasi@npm:1.0.0-beta.54"
  dependencies:
    "@napi-rs/wasm-runtime": "npm:^1.1.0"
  conditions: cpu=wasm32
  languageName: node
  linkType: hard

"@rolldown/binding-win32-arm64-msvc@npm:1.0.0-beta.54":
  version: 1.0.0-beta.54
  resolution: "@rolldown/binding-win32-arm64-msvc@npm:1.0.0-beta.54"
  conditions: os=win32 & cpu=arm64
  languageName: node
  linkType: hard

"@rolldown/binding-win32-x64-msvc@npm:1.0.0-beta.54":
  version: 1.0.0-beta.54
  resolution: "@rolldown/binding-win32-x64-msvc@npm:1.0.0-beta.54"
  conditions: os=win32 & cpu=x64
  languageName: node
  linkType: hard

"@rolldown/pluginutils@npm:1.0.0-beta.54":
  version: 1.0.0-beta.54
  resolution: "@rolldown/pluginutils@npm:1.0.0-beta.54"
  checksum: 10c0/d0e22cda0e12e1027620308ed10f4ea62f6da3ecb082768065edca013766e773f6f6ef54e5afb108f54e96606c8a72761fda71967de09cdd484f7c1ff3a8891b
  languageName: node
  linkType: hard

"@standard-schema/spec@npm:^1.1.0":
  version: 1.1.0
  resolution: "@standard-schema/spec@npm:1.1.0"
  checksum: 10c0/d90f55acde4b2deb983529c87e8025fa693de1a5e8b49ecc6eb84d1fd96328add0e03d7d551442156c7432fd78165b2c26ff561b970a9a881f046abb78d6a526
  languageName: node
  linkType: hard

"@tybys/wasm-util@npm:^0.10.3":
  version: 0.10.3
  resolution: "@tybys/wasm-util@npm:0.10.3"
  dependencies:
    tslib: "npm:^2.4.0"
  checksum: 10c0/fd2bd2a79c6cd8c79ed1cf7a0fa375c64589264c88a27acaf9756d556b453ea222b62a4f68dd2fbb8b3a78b6bab3b1f4fb2431b6afc6aeda8344b53a521a1cd3
  languageName: node
  linkType: hard

"@types/node@npm:^25.0.2":
  version: 25.9.5
  resolution: "@types/node@npm:25.9.5"
  dependencies:
    undici-types: "npm:>=7.24.0 <7.24.7"
  checksum: 10c0/addbfe55f14d6a7f149a8796c2fca68463ac6caf911c623f552d07385691d36c0669a9c38724350d0e958131827d59a63c18781e753dede8113a903dd62b7932
  languageName: node
  linkType: hard

"ast-kit@npm:^2.2.0":
  version: 2.2.0
  resolution: "ast-kit@npm:2.2.0"
  dependencies:
    "@babel/parser": "npm:^7.28.5"
    pathe: "npm:^2.0.3"
  checksum: 10c0/d885f3a4e9837e730451a667d26936eef34773d6e5ecacd771a3e9d1f82fdc45d38958ab35e18880e0cf667896604a599497c5186f2578cf73c0d802ed7fc697
  languageName: node
  linkType: hard

"birpc@npm:^4.0.0":
  version: 4.1.0
  resolution: "birpc@npm:4.1.0"
  checksum: 10c0/20ef6536c1d515701899defaee1b90280dd8e0419882895a0b93a35ba3e71fcbdaa84bf83f1530e25c3c125a5f5eac58d374ca4c669040ebef37c221bacd66f4
  languageName: node
  linkType: hard

"dsh-pixluna@workspace:.":
  version: 0.0.0-use.local
  resolution: "dsh-pixluna@workspace:."
  dependencies:
    "@deepseek-ai/cordis": "npm:^4.0.1"
    "@deepseek-ai/dsh-credentials": "npm:^0.1.0-rc.6"
    "@deepseek-ai/dsh-settings": "npm:^0.1.0-rc.6"
    "@deepseek-ai/dsh-tools": "npm:^0.1.0-rc.6"
    "@deepseek-ai/dsh-typert-protocol": "npm:^0.1.0-rc.6"
    "@deepseek-ai/schemastery": "npm:^3.18.1"
    "@types/node": "npm:^25.0.2"
    oxfmt: "npm:^0.62.0"
    oxlint: "npm:^1.77.0"
    oxlint-tsgolint: "npm:^7.0.2001"
    rolldown: "npm:1.0.0-beta.54"
    rolldown-plugin-dts: "npm:^0.18.3"
    typescript: "npm:^5.9.3"
    undici: "npm:^7.18.2"
  peerDependencies:
    "@deepseek-ai/cordis": ^4.0.1
    "@deepseek-ai/dsh-credentials": ^0.1.0-rc.6
    "@deepseek-ai/dsh-settings": ^0.1.0-rc.6
    "@deepseek-ai/dsh-tools": ^0.1.0-rc.6
    "@deepseek-ai/dsh-typert-protocol": ^0.1.0-rc.6
  languageName: unknown
  linkType: soft

"dts-resolver@npm:^2.1.3":
  version: 2.1.3
  resolution: "dts-resolver@npm:2.1.3"
  peerDependencies:
    oxc-resolver: ">=11.0.0"
  peerDependenciesMeta:
    oxc-resolver:
      optional: true
  checksum: 10c0/bf589ba9bfacdb23ff9c075948175f5a21ae0bccb2ca36f8315bff2729358902256ee7aca972f5b259641f08a4b5973034e082a730113d5af76e64062e45fe3a
  languageName: node
  linkType: hard

"get-tsconfig@npm:^4.13.0":
  version: 4.14.2
  resolution: "get-tsconfig@npm:4.14.2"
  dependencies:
    resolve-pkg-maps: "npm:^1.0.0"
  checksum: 10c0/0b6e4fafd34adcc992258f9874a366222fac76b165a4b9c102fe25056a3f9c4dae1e365c213c040e56b0bd45fd5671343f9410d153af1aab0bbf699a54d59c1b
  languageName: node
  linkType: hard

"jsesc@npm:^3.0.2":
  version: 3.1.0
  resolution: "jsesc@npm:3.1.0"
  bin:
    jsesc: bin/jsesc
  checksum: 10c0/531779df5ec94f47e462da26b4cbf05eb88a83d9f08aac2ba04206508fc598527a153d08bd462bae82fc78b3eaa1a908e1a4a79f886e9238641c4cdefaf118b1
  languageName: node
  linkType: hard

"magic-string@npm:^0.30.21":
  version: 0.30.21
  resolution: "magic-string@npm:0.30.21"
  dependencies:
    "@jridgewell/sourcemap-codec": "npm:^1.5.5"
  checksum: 10c0/299378e38f9a270069fc62358522ddfb44e94244baa0d6a8980ab2a9b2490a1d03b236b447eee309e17eb3bddfa482c61259d47960eb018a904f0ded52780c4a
  languageName: node
  linkType: hard

"obug@npm:^2.1.1":
  version: 2.1.4
  resolution: "obug@npm:2.1.4"
  checksum: 10c0/34a0ee97cd88573cfd97d384c2a79f07118ae5680d7e45d1de6e99c74eddefe145e8ca27a2db02195a1ee5fded5aa22b924869c842728c201b9f109a27d0ef19
  languageName: node
  linkType: hard

"oxfmt@npm:^0.62.0":
  version: 0.62.0
  resolution: "oxfmt@npm:0.62.0"
  dependencies:
    "@oxfmt/binding-android-arm-eabi": "npm:0.62.0"
    "@oxfmt/binding-android-arm64": "npm:0.62.0"
    "@oxfmt/binding-darwin-arm64": "npm:0.62.0"
    "@oxfmt/binding-darwin-x64": "npm:0.62.0"
    "@oxfmt/binding-freebsd-x64": "npm:0.62.0"
    "@oxfmt/binding-linux-arm-gnueabihf": "npm:0.62.0"
    "@oxfmt/binding-linux-arm-musleabihf": "npm:0.62.0"
    "@oxfmt/binding-linux-arm64-gnu": "npm:0.62.0"
    "@oxfmt/binding-linux-arm64-musl": "npm:0.62.0"
    "@oxfmt/binding-linux-ppc64-gnu": "npm:0.62.0"
    "@oxfmt/binding-linux-riscv64-gnu": "npm:0.62.0"
    "@oxfmt/binding-linux-riscv64-musl": "npm:0.62.0"
    "@oxfmt/binding-linux-s390x-gnu": "npm:0.62.0"
    "@oxfmt/binding-linux-x64-gnu": "npm:0.62.0"
    "@oxfmt/binding-linux-x64-musl": "npm:0.62.0"
    "@oxfmt/binding-openharmony-arm64": "npm:0.62.0"
    "@oxfmt/binding-win32-arm64-msvc": "npm:0.62.0"
    "@oxfmt/binding-win32-ia32-msvc": "npm:0.62.0"
    "@oxfmt/binding-win32-x64-msvc": "npm:0.62.0"
    tinypool: "npm:2.1.0"
  peerDependencies:
    svelte: ^5.0.0
    vite-plus: "*"
  dependenciesMeta:
    "@oxfmt/binding-android-arm-eabi":
      optional: true
    "@oxfmt/binding-android-arm64":
      optional: true
    "@oxfmt/binding-darwin-arm64":
      optional: true
    "@oxfmt/binding-darwin-x64":
      optional: true
    "@oxfmt/binding-freebsd-x64":
      optional: true
    "@oxfmt/binding-linux-arm-gnueabihf":
      optional: true
    "@oxfmt/binding-linux-arm-musleabihf":
      optional: true
    "@oxfmt/binding-linux-arm64-gnu":
      optional: true
    "@oxfmt/binding-linux-arm64-musl":
      optional: true
    "@oxfmt/binding-linux-ppc64-gnu":
      optional: true
    "@oxfmt/binding-linux-riscv64-gnu":
      optional: true
    "@oxfmt/binding-linux-riscv64-musl":
      optional: true
    "@oxfmt/binding-linux-s390x-gnu":
      optional: true
    "@oxfmt/binding-linux-x64-gnu":
      optional: true
    "@oxfmt/binding-linux-x64-musl":
      optional: true
    "@oxfmt/binding-openharmony-arm64":
      optional: true
    "@oxfmt/binding-win32-arm64-msvc":
      optional: true
    "@oxfmt/binding-win32-ia32-msvc":
      optional: true
    "@oxfmt/binding-win32-x64-msvc":
      optional: true
  peerDependenciesMeta:
    svelte:
      optional: true
    vite-plus:
      optional: true
  bin:
    oxfmt: bin/oxfmt
  checksum: 10c0/bb162985c61566c1253f32951e7e306c539378a742ed62916e77efcaf8bb8e65458a243633178301d45b7f0df7998520dbbdbd428747ff5f5401606312424f76
  languageName: node
  linkType: hard

"oxlint-tsgolint@npm:^7.0.2001":
  version: 7.0.2001
  resolution: "oxlint-tsgolint@npm:7.0.2001"
  dependencies:
    "@oxlint-tsgolint/darwin-arm64": "npm:7.0.2001"
    "@oxlint-tsgolint/darwin-x64": "npm:7.0.2001"
    "@oxlint-tsgolint/linux-arm64": "npm:7.0.2001"
    "@oxlint-tsgolint/linux-x64": "npm:7.0.2001"
    "@oxlint-tsgolint/win32-arm64": "npm:7.0.2001"
    "@oxlint-tsgolint/win32-x64": "npm:7.0.2001"
  dependenciesMeta:
    "@oxlint-tsgolint/darwin-arm64":
      optional: true
    "@oxlint-tsgolint/darwin-x64":
      optional: true
    "@oxlint-tsgolint/linux-arm64":
      optional: true
    "@oxlint-tsgolint/linux-x64":
      optional: true
    "@oxlint-tsgolint/win32-arm64":
      optional: true
    "@oxlint-tsgolint/win32-x64":
      optional: true
  bin:
    tsgolint: ./bin/tsgolint.js
  checksum: 10c0/b8cb29fd2981e7a0ad8636bac3ea86a3c553e1f78745fcb1dcb612efd3453d61780ae004bb413bfee7c02cf7d431da004405e49089abb9548d9bd374377eed19
  languageName: node
  linkType: hard

"oxlint@npm:^1.77.0":
  version: 1.78.0
  resolution: "oxlint@npm:1.78.0"
  dependencies:
    "@oxlint/binding-android-arm-eabi": "npm:1.78.0"
    "@oxlint/binding-android-arm64": "npm:1.78.0"
    "@oxlint/binding-darwin-arm64": "npm:1.78.0"
    "@oxlint/binding-darwin-x64": "npm:1.78.0"
    "@oxlint/binding-freebsd-x64": "npm:1.78.0"
    "@oxlint/binding-linux-arm-gnueabihf": "npm:1.78.0"
    "@oxlint/binding-linux-arm-musleabihf": "npm:1.78.0"
    "@oxlint/binding-linux-arm64-gnu": "npm:1.78.0"
    "@oxlint/binding-linux-arm64-musl": "npm:1.78.0"
    "@oxlint/binding-linux-ppc64-gnu": "npm:1.78.0"
    "@oxlint/binding-linux-riscv64-gnu": "npm:1.78.0"
    "@oxlint/binding-linux-riscv64-musl": "npm:1.78.0"
    "@oxlint/binding-linux-s390x-gnu": "npm:1.78.0"
    "@oxlint/binding-linux-x64-gnu": "npm:1.78.0"
    "@oxlint/binding-linux-x64-musl": "npm:1.78.0"
    "@oxlint/binding-openharmony-arm64": "npm:1.78.0"
    "@oxlint/binding-win32-arm64-msvc": "npm:1.78.0"
    "@oxlint/binding-win32-ia32-msvc": "npm:1.78.0"
    "@oxlint/binding-win32-x64-msvc": "npm:1.78.0"
  peerDependencies:
    oxlint-tsgolint: ">=7.0.2001"
    vite-plus: "*"
  dependenciesMeta:
    "@oxlint/binding-android-arm-eabi":
      optional: true
    "@oxlint/binding-android-arm64":
      optional: true
    "@oxlint/binding-darwin-arm64":
      optional: true
    "@oxlint/binding-darwin-x64":
      optional: true
    "@oxlint/binding-freebsd-x64":
      optional: true
    "@oxlint/binding-linux-arm-gnueabihf":
      optional: true
    "@oxlint/binding-linux-arm-musleabihf":
      optional: true
    "@oxlint/binding-linux-arm64-gnu":
      optional: true
    "@oxlint/binding-linux-arm64-musl":
      optional: true
    "@oxlint/binding-linux-ppc64-gnu":
      optional: true
    "@oxlint/binding-linux-riscv64-gnu":
      optional: true
    "@oxlint/binding-linux-riscv64-musl":
      optional: true
    "@oxlint/binding-linux-s390x-gnu":
      optional: true
    "@oxlint/binding-linux-x64-gnu":
      optional: true
    "@oxlint/binding-linux-x64-musl":
      optional: true
    "@oxlint/binding-openharmony-arm64":
      optional: true
    "@oxlint/binding-win32-arm64-msvc":
      optional: true
    "@oxlint/binding-win32-ia32-msvc":
      optional: true
    "@oxlint/binding-win32-x64-msvc":
      optional: true
  peerDependenciesMeta:
    oxlint-tsgolint:
      optional: true
    vite-plus:
      optional: true
  bin:
    oxlint: bin/oxlint
  checksum: 10c0/f9f1f9c6dfd7794ec9ef38ead5850bf2e9714249401fed1cfd2f1df76993b43de62b710521329f02f4e376cf015528c1eb9dc06f8a9f5688658166abca210ad9
  languageName: node
  linkType: hard

"pathe@npm:^2.0.3":
  version: 2.0.3
  resolution: "pathe@npm:2.0.3"
  checksum: 10c0/c118dc5a8b5c4166011b2b70608762e260085180bb9e33e80a50dcdb1e78c010b1624f4280c492c92b05fc276715a4c357d1f9edc570f8f1b3d90b6839ebaca1
  languageName: node
  linkType: hard

"resolve-pkg-maps@npm:^1.0.0":
  version: 1.0.0
  resolution: "resolve-pkg-maps@npm:1.0.0"
  checksum: 10c0/fb8f7bbe2ca281a73b7ef423a1cbc786fb244bd7a95cbe5c3fba25b27d327150beca8ba02f622baea65919a57e061eb5005204daa5f93ed590d9b77463a567ab
  languageName: node
  linkType: hard

"rolldown-plugin-dts@npm:^0.18.3":
  version: 0.18.4
  resolution: "rolldown-plugin-dts@npm:0.18.4"
  dependencies:
    "@babel/generator": "npm:^7.28.5"
    "@babel/parser": "npm:^7.28.5"
    "@babel/types": "npm:^7.28.5"
    ast-kit: "npm:^2.2.0"
    birpc: "npm:^4.0.0"
    dts-resolver: "npm:^2.1.3"
    get-tsconfig: "npm:^4.13.0"
    magic-string: "npm:^0.30.21"
    obug: "npm:^2.1.1"
  peerDependencies:
    "@ts-macro/tsc": ^0.3.6
    "@typescript/native-preview": ">=7.0.0-dev.20250601.1"
    rolldown: ^1.0.0-beta.51
    typescript: ^5.0.0
    vue-tsc: ~3.1.0
  peerDependenciesMeta:
    "@ts-macro/tsc":
      optional: true
    "@typescript/native-preview":
      optional: true
    typescript:
      optional: true
    vue-tsc:
      optional: true
  checksum: 10c0/de97e070bc3eef5d5f427f63ad3de905f402dc33b1197ef4de76c5031f6816639c7b28796f1d0a38b386a2b6108c56b4506b1463e54da34941765f56f4ba8252
  languageName: node
  linkType: hard

"rolldown@npm:1.0.0-beta.54":
  version: 1.0.0-beta.54
  resolution: "rolldown@npm:1.0.0-beta.54"
  dependencies:
    "@oxc-project/types": "npm:=0.102.0"
    "@rolldown/binding-android-arm64": "npm:1.0.0-beta.54"
    "@rolldown/binding-darwin-arm64": "npm:1.0.0-beta.54"
    "@rolldown/binding-darwin-x64": "npm:1.0.0-beta.54"
    "@rolldown/binding-freebsd-x64": "npm:1.0.0-beta.54"
    "@rolldown/binding-linux-arm-gnueabihf": "npm:1.0.0-beta.54"
    "@rolldown/binding-linux-arm64-gnu": "npm:1.0.0-beta.54"
    "@rolldown/binding-linux-arm64-musl": "npm:1.0.0-beta.54"
    "@rolldown/binding-linux-x64-gnu": "npm:1.0.0-beta.54"
    "@rolldown/binding-linux-x64-musl": "npm:1.0.0-beta.54"
    "@rolldown/binding-openharmony-arm64": "npm:1.0.0-beta.54"
    "@rolldown/binding-wasm32-wasi": "npm:1.0.0-beta.54"
    "@rolldown/binding-win32-arm64-msvc": "npm:1.0.0-beta.54"
    "@rolldown/binding-win32-x64-msvc": "npm:1.0.0-beta.54"
    "@rolldown/pluginutils": "npm:1.0.0-beta.54"
  dependenciesMeta:
    "@rolldown/binding-android-arm64":
      optional: true
    "@rolldown/binding-darwin-arm64":
      optional: true
    "@rolldown/binding-darwin-x64":
      optional: true
    "@rolldown/binding-freebsd-x64":
      optional: true
    "@rolldown/binding-linux-arm-gnueabihf":
      optional: true
    "@rolldown/binding-linux-arm64-gnu":
      optional: true
    "@rolldown/binding-linux-arm64-musl":
      optional: true
    "@rolldown/binding-linux-x64-gnu":
      optional: true
    "@rolldown/binding-linux-x64-musl":
      optional: true
    "@rolldown/binding-openharmony-arm64":
      optional: true
    "@rolldown/binding-wasm32-wasi":
      optional: true
    "@rolldown/binding-win32-arm64-msvc":
      optional: true
    "@rolldown/binding-win32-x64-msvc":
      optional: true
  bin:
    rolldown: bin/cli.mjs
  checksum: 10c0/06ebbe6822112592801a93058c58975d80f267ce0bbbc838930bc02525ad0c82abd6eecaf20267969f2c949523d04b436a8089925061371fe62ee42288d8fa36
  languageName: node
  linkType: hard

"tinypool@npm:2.1.0":
  version: 2.1.0
  resolution: "tinypool@npm:2.1.0"
  checksum: 10c0/9fb1c760558c6264e0f4cfde96a63b12450b43f1730fbe6274aa24ddbdf488745c08924d0dea7a1303b47d555416a6415f2113898c69b6ecf731e75ac95238a5
  languageName: node
  linkType: hard

"tslib@npm:^2.4.0":
  version: 2.8.1
  resolution: "tslib@npm:2.8.1"
  checksum: 10c0/9c4759110a19c53f992d9aae23aac5ced636e99887b51b9e61def52611732872ff7668757d4e4c61f19691e36f4da981cd9485e869b4a7408d689f6bf1f14e62
  languageName: node
  linkType: hard

"typescript@npm:^5.9.3":
  version: 5.9.3
  resolution: "typescript@npm:5.9.3"
  bin:
    tsc: bin/tsc
    tsserver: bin/tsserver
  checksum: 10c0/6bd7552ce39f97e711db5aa048f6f9995b53f1c52f7d8667c1abdc1700c68a76a308f579cd309ce6b53646deb4e9a1be7c813a93baaf0a28ccd536a30270e1c5
  languageName: node
  linkType: hard

"typescript@patch:typescript@npm%3A^5.9.3#optional!builtin<compat/typescript>":
  version: 5.9.3
  resolution: "typescript@patch:typescript@npm%3A5.9.3#optional!builtin<compat/typescript>::version=5.9.3&hash=5786d5"
  bin:
    tsc: bin/tsc
    tsserver: bin/tsserver
  checksum: 10c0/ad09fdf7a756814dce65bc60c1657b40d44451346858eea230e10f2e95a289d9183b6e32e5c11e95acc0ccc214b4f36289dcad4bf1886b0adb84d711d336a430
  languageName: node
  linkType: hard

"undici-types@npm:>=7.24.0 <7.24.7":
  version: 7.24.6
  resolution: "undici-types@npm:7.24.6"
  checksum: 10c0/d9cd8befb643ac904615c280a095ba4240531f6bb4a5e75a22a7483630ca8d3f1016d2ab6ace6ceda1f63b3a2db2fe037fafe121d6917a0187573aa548ff78ca
  languageName: node
  linkType: hard

"undici@npm:^7.18.2":
  version: 7.29.0
  resolution: "undici@npm:7.29.0"
  checksum: 10c0/85ea96e91e7f3de24de678cbbc54230fdd641a3b0643005f2aef044af1f1a2db8fbecb88b28e6fa78bb41ffeafda4479b57075b6b6ab92beac4b7b5ab53f9b10
  languageName: node
  linkType: hard
